{
  "version": 4,
  "terraform_version": "1.5.0",
  "serial": 9,
  "lineage": "58be136d-7e98-7205-64d6-a2b12733b751",
  "outputs": {
    "key_data": {
      "value": "{}",
      "type": "string",
      "sensitive": true
    },
    "resource_group_name": {
      "value": "rg-comic-whippet",
      "type": "string"
    }
  },
  "resources": [
    {
      "mode": "managed",
      "type": "azapi_resource",
      "name": "ssh_public_key",
      "provider": "provider[\"registry.terraform.io/azure/azapi\"]",
      "instances": [
        {
          "schema_version": 0,
          "attributes": {
            "body": "{}",
            "id": "/subscriptions/389aa819-c879-496e-b744-42d57c71f8fd/resourceGroups/rg-comic-whippet/providers/Microsoft.Compute/sshPublicKeys/sshamazingmammoth",
            "identity": [],
            "ignore_casing": false,
            "ignore_missing_property": true,
            "location": "westus3",
            "locks": null,
            "name": "sshamazingmammoth",
            "output": "{}",
            "parent_id": "/subscriptions/389aa819-c879-496e-b744-42d57c71f8fd/resourceGroups/rg-comic-whippet",
            "removing_special_chars": false,
            "response_export_values": null,
            "schema_validation_enabled": true,
            "tags": {},
            "timeouts": null,
            "type": "Microsoft.Compute/sshPublicKeys@2022-11-01"
          },
          "sensitive_attributes": [],
          "private": "eyJlMmJmYjczMC1lY2FhLTExZTYtOGY4OC0zNDM2M2JjN2M0YzAiOnsiY3JlYXRlIjoxODAwMDAwMDAwMDAwLCJkZWxldGUiOjE4MDAwMDAwMDAwMDAsInJlYWQiOjMwMDAwMDAwMDAwMCwidXBkYXRlIjoxODAwMDAwMDAwMDAwfX0=",
          "dependencies": [
            "azurerm_resource_group.rg",
            "random_pet.rg_name",
            "random_pet.ssh_key_name"
          ]
        }
      ]
    },
    {
      "mode": "managed",
      "type": "azapi_resource_action",
      "name": "ssh_public_key_gen",
      "provider": "provider[\"registry.terraform.io/azure/azapi\"]",
      "instances": [
        {
          "schema_version": 0,
          "attributes": {
            "action": "generateKeyPair",
            "body": null,
            "id": "/subscriptions/389aa819-c879-496e-b744-42d57c71f8fd/resourceGroups/rg-comic-whippet/providers/Microsoft.Compute/sshPublicKeys/sshamazingmammoth/generateKeyPair",
            "locks": null,
            "method": "POST",
            "output": "{\"publicKey\":\"ssh-rsa AAAAB3NzaC1yc2EAAAADAQABAAABgQDUK/zUtog7NqeqB1vKNO8q4niR93CFcXXHsHbWfSihfFcIoXs+Bw5bv2f990QpiuWM4O93fyZqYiFP7yQcTcZ1epihvCEbKRvWQHDhCNj0FqhEwIUaK/6vQ4Eej6bbIidXDqTvpGcQLRkjCNaPlEr999oL/06zdTIxU7x6Ht4FfXp+LvXkbFKyLpohyrEPr7cnD+Zkj3uhaYBvHPkfbl3GMsp9ksp9UoM9dhf6cW4nqr0GYcFm6gnx+tEHlxiZkVNSZFSO2mxp+Z4ciybRzFdije3cNJuIKTP72B4m1bC1HEB52x51DTPDLD/avD4Dr95KZHQC1C+7Z4lZF9vlqLicXd2TEmOoDqPs60RCIxDanS07m8buzK6XOQPFAOogikZLepQz+2NZfgbcwQqIxS8vHtiIKcig/86c/R7c+2xuVb/dicaV3LTobyFqCG9fszMlC4sbBP49h1okOulGSkXMSCUezsGg/F5D8H5wvTPXFz9kRHv5B2AUSF/aHmBeRZk= generated-by-azure\"}",
            "resource_id": "/subscriptions/389aa819-c879-496e-b744-42d57c71f8fd/resourceGroups/rg-comic-whippet/providers/Microsoft.Compute/sshPublicKeys/sshamazingmammoth",
            "response_export_values": [
              "publicKey"
            ],
            "timeouts": null,
            "type": "Microsoft.Compute/sshPublicKeys@2022-11-01"
          },
          "sensitive_attributes": [],
          "private": "eyJlMmJmYjczMC1lY2FhLTExZTYtOGY4OC0zNDM2M2JjN2M0YzAiOnsiY3JlYXRlIjoxODAwMDAwMDAwMDAwLCJkZWxldGUiOjE4MDAwMDAwMDAwMDAsInJlYWQiOjMwMDAwMDAwMDAwMCwidXBkYXRlIjoxODAwMDAwMDAwMDAwfX0=",
          "dependencies": [
            "azapi_resource.ssh_public_key",
            "azurerm_resource_group.rg",
            "random_pet.rg_name",
            "random_pet.ssh_key_name"
          ]
        }
      ]
    },
    {
      "mode": "managed",
      "type": "azurerm_resource_group",
      "name": "rg",
      "provider": "provider[\"registry.terraform.io/hashicorp/azurerm\"]",
      "instances": [
        {
          "schema_version": 0,
          "attributes": {
            "id": "/subscriptions/389aa819-c879-496e-b744-42d57c71f8fd/resourceGroups/rg-comic-whippet",
            "location": "eastus",
            "name": "rg-comic-whippet",
            "tags": null,
            "timeouts": null
          },
          "sensitive_attributes": [],
          "private": "eyJlMmJmYjczMC1lY2FhLTExZTYtOGY4OC0zNDM2M2JjN2M0YzAiOnsiY3JlYXRlIjo1NDAwMDAwMDAwMDAwLCJkZWxldGUiOjU0MDAwMDAwMDAwMDAsInJlYWQiOjMwMDAwMDAwMDAwMCwidXBkYXRlIjo1NDAwMDAwMDAwMDAwfX0=",
          "dependencies": [
            "random_pet.rg_name"
          ]
        }
      ]
    },
    {
      "mode": "managed",
      "type": "random_pet",
      "name": "azurerm_kubernetes_cluster_dns_prefix",
      "provider": "provider[\"registry.terraform.io/hashicorp/random\"]",
      "instances": [
        {
          "schema_version": 0,
          "attributes": {
            "id": "dns-comic-whippet",
            "keepers": null,
            "length": 2,
            "prefix": "dns",
            "separator": "-"
          },
          "sensitive_attributes": []
        }
      ]
    },
    {
      "mode": "managed",
      "type": "random_pet",
      "name": "azurerm_kubernetes_cluster_name",
      "provider": "provider[\"registry.terraform.io/hashicorp/random\"]",
      "instances": [
        {
          "schema_version": 0,
          "attributes": {
            "id": "cluster-comic-whippet",
            "keepers": null,
            "length": 2,
            "prefix": "cluster",
            "separator": "-"
          },
          "sensitive_attributes": []
        }
      ]
    },
    {
      "mode": "managed",
      "type": "random_pet",
      "name": "rg_name",
      "provider": "provider[\"registry.terraform.io/hashicorp/random\"]",
      "instances": [
        {
          "schema_version": 0,
          "attributes": {
            "id": "rg-comic-whippet",
            "keepers": null,
            "length": 2,
            "prefix": "rg",
            "separator": "-"
          },
          "sensitive_attributes": []
        }
      ]
    },
    {
      "mode": "managed",
      "type": "random_pet",
      "name": "ssh_key_name",
      "provider": "provider[\"registry.terraform.io/hashicorp/random\"]",
      "instances": [
        {
          "schema_version": 0,
          "attributes": {
            "id": "sshamazingmammoth",
            "keepers": null,
            "length": 2,
            "prefix": "ssh",
            "separator": ""
          },
          "sensitive_attributes": []
        }
      ]
    }
  ],
  "check_results": null
}
